// !$*UTF8*$!
{
	archiveVersion = 1;
	classes = {
	};
	objectVersion = 46;
	objects = {

/* Begin PBXBuildFile section */
		6B1E35ED1ECF9DE400E2CD77 /* AppDelegate.swift in Sources */ = {isa = PBXBuildFile; fileRef = 6B1E35EC1ECF9DE400E2CD77 /* AppDelegate.swift */; };
		6B1E35EF1ECF9DE400E2CD77 /* ViewController.swift in Sources */ = {isa = PBXBuildFile; fileRef = 6B1E35EE1ECF9DE400E2CD77 /* ViewController.swift */; };
		6B1E35F21ECF9DE400E2CD77 /* Main.storyboard in Resources */ = {isa = PBXBuildFile; fileRef = 6B1E35F01ECF9DE400E2CD77 /* Main.storyboard */; };
		6B1E35F41ECF9DE400E2CD77 /* Assets.xcassets in Resources */ = {isa = PBXBuildFile; fileRef = 6B1E35F31ECF9DE400E2CD77 /* Assets.xcassets */; };
		6B1E35F71ECF9DE400E2CD77 /* LaunchScreen.storyboard in Resources */ = {isa = PBXBuildFile; fileRef = 6B1E35F51ECF9DE400E2CD77 /* LaunchScreen.storyboard */; };
		6BB7A94A1EE4A208005FA5B0 /* RGSMainViewController.swift in Sources */ = {isa = PBXBuildFile; fileRef = 6BB7A9491EE4A208005FA5B0 /* RGSMainViewController.swift */; };
		6BB7A94D1EE4A79E005FA5B0 /* RGSInfoViewController.swift in Sources */ = {isa = PBXBuildFile; fileRef = 6BB7A94C1EE4A79E005FA5B0 /* RGSInfoViewController.swift */; };
		6BB7A94F1EE4A7B0005FA5B0 /* RGSAnnouncementViewController.swift in Sources */ = {isa = PBXBuildFile; fileRef = 6BB7A94E1EE4A7B0005FA5B0 /* RGSAnnouncementViewController.swift */; };
		6BB7A9511EE4A7BF005FA5B0 /* RGSLecturerViewController.swift in Sources */ = {isa = PBXBuildFile; fileRef = 6BB7A9501EE4A7BF005FA5B0 /* RGSLecturerViewController.swift */; };
		6BB7A9531EE4A7D2005FA5B0 /* RGSScheduleViewController.swift in Sources */ = {isa = PBXBuildFile; fileRef = 6BB7A9521EE4A7D2005FA5B0 /* RGSScheduleViewController.swift */; };
		6BB7A9551EE4A7E9005FA5B0 /* RGSForumViewController.swift in Sources */ = {isa = PBXBuildFile; fileRef = 6BB7A9541EE4A7E9005FA5B0 /* RGSForumViewController.swift */; };
		6BB7A9571EE4A7FA005FA5B0 /* RGSSettingsViewController.swift in Sources */ = {isa = PBXBuildFile; fileRef = 6BB7A9561EE4A7FA005FA5B0 /* RGSSettingsViewController.swift */; };
		6BB7A9591EE4A80C005FA5B0 /* RGSGateViewController.swift in Sources */ = {isa = PBXBuildFile; fileRef = 6BB7A9581EE4A80C005FA5B0 /* RGSGateViewController.swift */; };
		6BB7A95F1EE4ACDC005FA5B0 /* RGSControlBarView.xib in Resources */ = {isa = PBXBuildFile; fileRef = 6BB7A95E1EE4ACDC005FA5B0 /* RGSControlBarView.xib */; };
		6BB7A9611EE4ACF8005FA5B0 /* RGSControlBarView.swift in Sources */ = {isa = PBXBuildFile; fileRef = 6BB7A9601EE4ACF8005FA5B0 /* RGSControlBarView.swift */; };
		6BB7A9641EE4BBAA005FA5B0 /* RGSControlBarDelegate.swift in Sources */ = {isa = PBXBuildFile; fileRef = 6BB7A9631EE4BBAA005FA5B0 /* RGSControlBarDelegate.swift */; };
/* End PBXBuildFile section */

/* Begin PBXFileReference section */
		6B1E35E91ECF9DE400E2CD77 /* SummerSchool.app */ = {isa = PBXFileReference; explicitFileType = wrapper.application; includeInIndex = 0; path = SummerSchool.app; sourceTree = BUILT_PRODUCTS_DIR; };
		6B1E35EC1ECF9DE400E2CD77 /* AppDelegate.swift */ = {isa = PBXFileReference; lastKnownFileType = sourcecode.swift; path = AppDelegate.swift; sourceTree = "<group>"; };
		6B1E35EE1ECF9DE400E2CD77 /* ViewController.swift */ = {isa = PBXFileReference; lastKnownFileType = sourcecode.swift; path = ViewController.swift; sourceTree = "<group>"; };
		6B1E35F11ECF9DE400E2CD77 /* Base */ = {isa = PBXFileReference; lastKnownFileType = file.storyboard; name = Base; path = Base.lproj/Main.storyboard; sourceTree = "<group>"; };
		6B1E35F31ECF9DE400E2CD77 /* Assets.xcassets */ = {isa = PBXFileReference; lastKnownFileType = folder.assetcatalog; path = Assets.xcassets; sourceTree = "<group>"; };
		6B1E35F61ECF9DE400E2CD77 /* Base */ = {isa = PBXFileReference; lastKnownFileType = file.storyboard; name = Base; path = Base.lproj/LaunchScreen.storyboard; sourceTree = "<group>"; };
		6B1E35F81ECF9DE400E2CD77 /* Info.plist */ = {isa = PBXFileReference; lastKnownFileType = text.plist.xml; path = Info.plist; sourceTree = "<group>"; };
		6BB7A9491EE4A208005FA5B0 /* RGSMainViewController.swift */ = {isa = PBXFileReference; fileEncoding = 4; lastKnownFileType = sourcecode.swift; path = RGSMainViewController.swift; sourceTree = "<group>"; };
		6BB7A94C1EE4A79E005FA5B0 /* RGSInfoViewController.swift */ = {isa = PBXFileReference; fileEncoding = 4; lastKnownFileType = sourcecode.swift; path = RGSInfoViewController.swift; sourceTree = "<group>"; };
		6BB7A94E1EE4A7B0005FA5B0 /* RGSAnnouncementViewController.swift */ = {isa = PBXFileReference; fileEncoding = 4; lastKnownFileType = sourcecode.swift; path = RGSAnnouncementViewController.swift; sourceTree = "<group>"; };
		6BB7A9501EE4A7BF005FA5B0 /* RGSLecturerViewController.swift */ = {isa = PBXFileReference; fileEncoding = 4; lastKnownFileType = sourcecode.swift; path = RGSLecturerViewController.swift; sourceTree = "<group>"; };
		6BB7A9521EE4A7D2005FA5B0 /* RGSScheduleViewController.swift */ = {isa = PBXFileReference; fileEncoding = 4; lastKnownFileType = sourcecode.swift; path = RGSScheduleViewController.swift; sourceTree = "<group>"; };
		6BB7A9541EE4A7E9005FA5B0 /* RGSForumViewController.swift */ = {isa = PBXFileReference; fileEncoding = 4; lastKnownFileType = sourcecode.swift; path = RGSForumViewController.swift; sourceTree = "<group>"; };
		6BB7A9561EE4A7FA005FA5B0 /* RGSSettingsViewController.swift */ = {isa = PBXFileReference; fileEncoding = 4; lastKnownFileType = sourcecode.swift; path = RGSSettingsViewController.swift; sourceTree = "<group>"; };
		6BB7A9581EE4A80C005FA5B0 /* RGSGateViewController.swift */ = {isa = PBXFileReference; fileEncoding = 4; lastKnownFileType = sourcecode.swift; path = RGSGateViewController.swift; sourceTree = "<group>"; };
		6BB7A95E1EE4ACDC005FA5B0 /* RGSControlBarView.xib */ = {isa = PBXFileReference; fileEncoding = 4; lastKnownFileType = file.xib; path = RGSControlBarView.xib; sourceTree = "<group>"; };
		6BB7A9601EE4ACF8005FA5B0 /* RGSControlBarView.swift */ = {isa = PBXFileReference; fileEncoding = 4; lastKnownFileType = sourcecode.swift; path = RGSControlBarView.swift; sourceTree = "<group>"; };
		6BB7A9631EE4BBAA005FA5B0 /* RGSControlBarDelegate.swift */ = {isa = PBXFileReference; fileEncoding = 4; lastKnownFileType = sourcecode.swift; path = RGSControlBarDelegate.swift; sourceTree = "<group>"; };
/* End PBXFileReference section */

/* Begin PBXFrameworksBuildPhase section */
		6B1E35E61ECF9DE400E2CD77 /* Frameworks */ = {
			isa = PBXFrameworksBuildPhase;
			buildActionMask = 2147483647;
			files = (
			);
			runOnlyForDeploymentPostprocessing = 0;
		};
/* End PBXFrameworksBuildPhase section */

/* Begin PBXGroup section */
		6B1E35E01ECF9DE400E2CD77 = {
			isa = PBXGroup;
			children = (
				6B1E35EB1ECF9DE400E2CD77 /* SummerSchool */,
				6B1E35EA1ECF9DE400E2CD77 /* Products */,
			);
			sourceTree = "<group>";
		};
		6B1E35EA1ECF9DE400E2CD77 /* Products */ = {
			isa = PBXGroup;
			children = (
				6B1E35E91ECF9DE400E2CD77 /* SummerSchool.app */,
			);
			name = Products;
			sourceTree = "<group>";
		};
		6B1E35EB1ECF9DE400E2CD77 /* SummerSchool */ = {
			isa = PBXGroup;
			children = (
				6BB7A94B1EE4A72B005FA5B0 /* ViewControllers */,
				6BB7A95B1EE4AC35005FA5B0 /* Views */,
				6BB7A95A1EE4A89B005FA5B0 /* Nibs */,
				6BB7A9621EE4BB48005FA5B0 /* Protocols */,
				6B1E35EC1ECF9DE400E2CD77 /* AppDelegate.swift */,
				6B1E35EE1ECF9DE400E2CD77 /* ViewController.swift */,
				6B1E35F01ECF9DE400E2CD77 /* Main.storyboard */,
				6B1E35F31ECF9DE400E2CD77 /* Assets.xcassets */,
				6B1E35F51ECF9DE400E2CD77 /* LaunchScreen.storyboard */,
				6B1E35F81ECF9DE400E2CD77 /* Info.plist */,
			);
			path = SummerSchool;
			sourceTree = "<group>";
		};
		6BB7A94B1EE4A72B005FA5B0 /* ViewControllers */ = {
			isa = PBXGroup;
			children = (
				6BB7A9491EE4A208005FA5B0 /* RGSMainViewController.swift */,
				6BB7A94C1EE4A79E005FA5B0 /* RGSInfoViewController.swift */,
				6BB7A94E1EE4A7B0005FA5B0 /* RGSAnnouncementViewController.swift */,
				6BB7A9501EE4A7BF005FA5B0 /* RGSLecturerViewController.swift */,
				6BB7A9521EE4A7D2005FA5B0 /* RGSScheduleViewController.swift */,
				6BB7A9541EE4A7E9005FA5B0 /* RGSForumViewController.swift */,
				6BB7A9561EE4A7FA005FA5B0 /* RGSSettingsViewController.swift */,
				6BB7A9581EE4A80C005FA5B0 /* RGSGateViewController.swift */,
			);
			name = ViewControllers;
			sourceTree = "<group>";
		};
		6BB7A95A1EE4A89B005FA5B0 /* Nibs */ = {
			isa = PBXGroup;
			children = (
				6BB7A95E1EE4ACDC005FA5B0 /* RGSControlBarView.xib */,
			);
			name = Nibs;
			sourceTree = "<group>";
		};
		6BB7A95B1EE4AC35005FA5B0 /* Views */ = {
			isa = PBXGroup;
			children = (
				6BB7A9601EE4ACF8005FA5B0 /* RGSControlBarView.swift */,
			);
			name = Views;
			sourceTree = "<group>";
		};
		6BB7A9621EE4BB48005FA5B0 /* Protocols */ = {
			isa = PBXGroup;
			children = (
				6BB7A9631EE4BBAA005FA5B0 /* RGSControlBarDelegate.swift */,
			);
			name = Protocols;
			sourceTree = "<group>";
		};
/* End PBXGroup section */

/* Begin PBXNativeTarget section */
		6B1E35E81ECF9DE400E2CD77 /* SummerSchool */ = {
			isa = PBXNativeTarget;
			buildConfigurationList = 6B1E35FB1ECF9DE400E2CD77 /* Build configuration list for PBXNativeTarget "SummerSchool" */;
			buildPhases = (
				6B1E35E51ECF9DE400E2CD77 /* Sources */,
				6B1E35E61ECF9DE400E2CD77 /* Frameworks */,
				6B1E35E71ECF9DE400E2CD77 /* Resources */,
			);
			buildRules = (
			);
			dependencies = (
			);
			name = SummerSchool;
			productName = SummerSchool;
			productReference = 6B1E35E91ECF9DE400E2CD77 /* SummerSchool.app */;
			productType = "com.apple.product-type.application";
		};
/* End PBXNativeTarget section */

/* Begin PBXProject section */
		6B1E35E11ECF9DE400E2CD77 /* Project object */ = {
			isa = PBXProject;
			attributes = {
				LastSwiftUpdateCheck = 0820;
				LastUpgradeCheck = 0820;
				ORGANIZATIONNAME = RUG;
				TargetAttributes = {
					6B1E35E81ECF9DE400E2CD77 = {
						CreatedOnToolsVersion = 8.2.1;
						DevelopmentTeam = JQZVDPVQY7;
						ProvisioningStyle = Automatic;
					};
				};
			};
			buildConfigurationList = 6B1E35E41ECF9DE400E2CD77 /* Build configuration list for PBXProject "SummerSchool" */;
			compatibilityVersion = "Xcode 3.2";
			developmentRegion = English;
			hasScannedForEncodings = 0;
			knownRegions = (
				en,
				Base,
			);
			mainGroup = 6B1E35E01ECF9DE400E2CD77;
			productRefGroup = 6B1E35EA1ECF9DE400E2CD77 /* Products */;
			projectDirPath = "";
			projectRoot = "";
			targets = (
				6B1E35E81ECF9DE400E2CD77 /* SummerSchool */,
			);
		};
/* End PBXProject section */

/* Begin PBXResourcesBuildPhase section */
		6B1E35E71ECF9DE400E2CD77 /* Resources */ = {
			isa = PBXResourcesBuildPhase;
			buildActionMask = 2147483647;
			files = (
				6B1E35F71ECF9DE400E2CD77 /* LaunchScreen.storyboard in Resources */,
				6B1E35F41ECF9DE400E2CD77 /* Assets.xcassets in Resources */,
				6B1E35F21ECF9DE400E2CD77 /* Main.storyboard in Resources */,
				6BB7A95F1EE4ACDC005FA5B0 /* RGSControlBarView.xib in Resources */,
			);
			runOnlyForDeploymentPostprocessing = 0;
		};
/* End PBXResourcesBuildPhase section */

/* Begin PBXSourcesBuildPhase section */
		6B1E35E51ECF9DE400E2CD77 /* Sources */ = {
			isa = PBXSourcesBuildPhase;
			buildActionMask = 2147483647;
			files = (
				6B1E35EF1ECF9DE400E2CD77 /* ViewController.swift in Sources */,
				6BB7A9511EE4A7BF005FA5B0 /* RGSLecturerViewController.swift in Sources */,
				6BB7A9591EE4A80C005FA5B0 /* RGSGateViewController.swift in Sources */,
				6BB7A9531EE4A7D2005FA5B0 /* RGSScheduleViewController.swift in Sources */,
				6BB7A9551EE4A7E9005FA5B0 /* RGSForumViewController.swift in Sources */,
				6BB7A94F1EE4A7B0005FA5B0 /* RGSAnnouncementViewController.swift in Sources */,
				6BB7A9571EE4A7FA005FA5B0 /* RGSSettingsViewController.swift in Sources */,
				6BB7A94D1EE4A79E005FA5B0 /* RGSInfoViewController.swift in Sources */,
				6BB7A9611EE4ACF8005FA5B0 /* RGSControlBarView.swift in Sources */,
				6BB7A94A1EE4A208005FA5B0 /* RGSMainViewController.swift in Sources */,
				6B1E35ED1ECF9DE400E2CD77 /* AppDelegate.swift in Sources */,
				6BB7A9641EE4BBAA005FA5B0 /* RGSControlBarDelegate.swift in Sources */,
			);
			runOnlyForDeploymentPostprocessing = 0;
		};
/* End PBXSourcesBuildPhase section */

/* Begin PBXVariantGroup section */
		6B1E35F01ECF9DE400E2CD77 /* Main.storyboard */ = {
			isa = PBXVariantGroup;
			children = (
				6B1E35F11ECF9DE400E2CD77 /* Base */,
			);
			name = Main.storyboard;
			sourceTree = "<group>";
		};
		6B1E35F51ECF9DE400E2CD77 /* LaunchScreen.storyboard */ = {
			isa = PBXVariantGroup;
			children = (
				6B1E35F61ECF9DE400E2CD77 /* Base */,
			);
			name = LaunchScreen.storyboard;
			sourceTree = "<group>";
		};
/* End PBXVariantGroup section */

/* Begin XCBuildConfiguration section */
		6B1E35F91ECF9DE400E2CD77 /* Debug */ = {
			isa = XCBuildConfiguration;
			buildSettings = {
				ALWAYS_SEARCH_USER_PATHS = NO;
				CLANG_ANALYZER_NONNULL = YES;
				CLANG_CXX_LANGUAGE_STANDARD = "gnu++0x";
				CLANG_CXX_LIBRARY = "libc++";
				CLANG_ENABLE_MODULES = YES;
				CLANG_ENABLE_OBJC_ARC = YES;
				CLANG_WARN_BOOL_CONVERSION = YES;
				CLANG_WARN_CONSTANT_CONVERSION = YES;
				CLANG_WARN_DIRECT_OBJC_ISA_USAGE = YES_ERROR;
				CLANG_WARN_DOCUMENTATION_COMMENTS = YES;
				CLANG_WARN_EMPTY_BODY = YES;
				CLANG_WARN_ENUM_CONVERSION = YES;
				CLANG_WARN_INFINITE_RECURSION = YES;
				CLANG_WARN_INT_CONVERSION = YES;
				CLANG_WARN_OBJC_ROOT_CLASS = YES_ERROR;
				CLANG_WARN_SUSPICIOUS_MOVE = YES;
				CLANG_WARN_UNREACHABLE_CODE = YES;
				CLANG_WARN__DUPLICATE_METHOD_MATCH = YES;
				"CODE_SIGN_IDENTITY[sdk=iphoneos*]" = "iPhone Developer";
				COPY_PHASE_STRIP = NO;
				DEBUG_INFORMATION_FORMAT = dwarf;
				ENABLE_STRICT_OBJC_MSGSEND = YES;
				ENABLE_TESTABILITY = YES;
				GCC_C_LANGUAGE_STANDARD = gnu99;
				GCC_DYNAMIC_NO_PIC = NO;
				GCC_NO_COMMON_BLOCKS = YES;
				GCC_OPTIMIZATION_LEVEL = 0;
				GCC_PREPROCESSOR_DEFINITIONS = (
					"DEBUG=1",
					"$(inherited)",
				);
				GCC_WARN_64_TO_32_BIT_CONVERSION = YES;
				GCC_WARN_ABOUT_RETURN_TYPE = YES_ERROR;
				GCC_WARN_UNDECLARED_SELECTOR = YES;
				GCC_WARN_UNINITIALIZED_AUTOS = YES_AGGRESSIVE;
				GCC_WARN_UNUSED_FUNCTION = YES;
				GCC_WARN_UNUSED_VARIABLE = YES;
				IPHONEOS_DEPLOYMENT_TARGET = 10.2;
				MTL_ENABLE_DEBUG_INFO = YES;
				ONLY_ACTIVE_ARCH = YES;
				SDKROOT = iphoneos;
				SWIFT_ACTIVE_COMPILATION_CONDITIONS = DEBUG;
				SWIFT_OPTIMIZATION_LEVEL = "-Onone";
			};
			name = Debug;
		};
		6B1E35FA1ECF9DE400E2CD77 /* Release */ = {
			isa = XCBuildConfiguration;
			buildSettings = {
				ALWAYS_SEARCH_USER_PATHS = NO;
				CLANG_ANALYZER_NONNULL = YES;
				CLANG_CXX_LANGUAGE_STANDARD = "gnu++0x";
				CLANG_CXX_LIBRARY = "libc++";
				CLANG_ENABLE_MODULES = YES;
				CLANG_ENABLE_OBJC_ARC = YES;
				CLANG_WARN_BOOL_CONVERSION = YES;
				CLANG_WARN_CONSTANT_CONVERSION = YES;
				CLANG_WARN_DIRECT_OBJC_ISA_USAGE = YES_ERROR;
				CLANG_WARN_DOCUMENTATION_COMMENTS = YES;
				CLANG_WARN_EMPTY_BODY = YES;
				CLANG_WARN_ENUM_CONVERSION = YES;
				CLANG_WARN_INFINITE_RECURSION = YES;
				CLANG_WARN_INT_CONVERSION = YES;
				CLANG_WARN_OBJC_ROOT_CLASS = YES_ERROR;
				CLANG_WARN_SUSPICIOUS_MOVE = YES;
				CLANG_WARN_UNREACHABLE_CODE = YES;
				CLANG_WARN__DUPLICATE_METHOD_MATCH = YES;
				"CODE_SIGN_IDENTITY[sdk=iphoneos*]" = "iPhone Developer";
				COPY_PHASE_STRIP = NO;
				DEBUG_INFORMATION_FORMAT = "dwarf-with-dsym";
				ENABLE_NS_ASSERTIONS = NO;
				ENABLE_STRICT_OBJC_MSGSEND = YES;
				GCC_C_LANGUAGE_STANDARD = gnu99;
				GCC_NO_COMMON_BLOCKS = YES;
				GCC_WARN_64_TO_32_BIT_CONVERSION = YES;
				GCC_WARN_ABOUT_RETURN_TYPE = YES_ERROR;
				GCC_WARN_UNDECLARED_SELECTOR = YES;
				GCC_WARN_UNINITIALIZED_AUTOS = YES_AGGRESSIVE;
				GCC_WARN_UNUSED_FUNCTION = YES;
				GCC_WARN_UNUSED_VARIABLE = YES;
				IPHONEOS_DEPLOYMENT_TARGET = 10.2;
				MTL_ENABLE_DEBUG_INFO = NO;
				SDKROOT = iphoneos;
				SWIFT_OPTIMIZATION_LEVEL = "-Owholemodule";
				VALIDATE_PRODUCT = YES;
			};
			name = Release;
		};
		6B1E35FC1ECF9DE400E2CD77 /* Debug */ = {
			isa = XCBuildConfiguration;
			buildSettings = {
				ASSETCATALOG_COMPILER_APPICON_NAME = AppIcon;
				DEVELOPMENT_TEAM = JQZVDPVQY7;
				INFOPLIST_FILE = SummerSchool/Info.plist;
				LD_RUNPATH_SEARCH_PATHS = "$(inherited) @executable_path/Frameworks";
				PRODUCT_BUNDLE_IDENTIFIER = com.RUG.SS;
				PRODUCT_NAME = "$(TARGET_NAME)";
				SWIFT_VERSION = 3.0;
			};
			name = Debug;
		};
		6B1E35FD1ECF9DE400E2CD77 /* Release */ = {
			isa = XCBuildConfiguration;
			buildSettings = {
				ASSETCATALOG_COMPILER_APPICON_NAME = AppIcon;
				DEVELOPMENT_TEAM = JQZVDPVQY7;
				INFOPLIST_FILE = SummerSchool/Info.plist;
				LD_RUNPATH_SEARCH_PATHS = "$(inherited) @executable_path/Frameworks";
				PRODUCT_BUNDLE_IDENTIFIER = com.RUG.SS;
				PRODUCT_NAME = "$(TARGET_NAME)";
				SWIFT_VERSION = 3.0;
			};
			name = Release;
		};
/* End XCBuildConfiguration section */

/* Begin XCConfigurationList section */
		6B1E35E41ECF9DE400E2CD77 /* Build configuration list for PBXProject "SummerSchool" */ = {
			isa = XCConfigurationList;
			buildConfigurations = (
				6B1E35F91ECF9DE400E2CD77 /* Debug */,
				6B1E35FA1ECF9DE400E2CD77 /* Release */,
			);
			defaultConfigurationIsVisible = 0;
			defaultConfigurationName = Release;
		};
		6B1E35FB1ECF9DE400E2CD77 /* Build configuration list for PBXNativeTarget "SummerSchool" */ = {
			isa = XCConfigurationList;
			buildConfigurations = (
				6B1E35FC1ECF9DE400E2CD77 /* Debug */,
				6B1E35FD1ECF9DE400E2CD77 /* Release */,
			);
			defaultConfigurationIsVisible = 0;
			defaultConfigurationName = Release;
		};
/* End XCConfigurationList section */
	};
	rootObject = 6B1E35E11ECF9DE400E2CD77 /* Project object */;
}
